
Microsoft Visual Studio Solution File, Format Version 12.00
# Visual Studio Version 16
VisualStudioVersion = 16.0.29911.84
MinimumVisualStudioVersion = 10.0.40219.1
Project("{FAE04EC0-301F-11D3-BF4B-00C04F79EFBC}") = "ContactListWithMVC-React", "ContactListWithMVC-React.csproj", "{B9C647FD-25B3-4174-AF5B-2B278FEC166C}"
EndProject
Global
	GlobalSection(SolutionConfigurationPlatforms) = preSolution
		Debug|Any CPU = Debug|Any CPU
		Release|Any CPU = Release|Any CPU
	EndGlobalSection
	GlobalSection(ProjectConfigurationPlatforms) = postSolution
		{B9C647FD-25B3-4174-AF5B-2B278FEC166C}.Debug|Any CPU.ActiveCfg = Debug|Any CPU
		{B9C647FD-25B3-4174-AF5B-2B278FEC166C}.Debug|Any CPU.Build.0 = Debug|Any CPU
		{B9C647FD-25B3-4174-AF5B-2B278FEC166C}.Release|Any CPU.ActiveCfg = Release|Any CPU
		{B9C647FD-25B3-4174-AF5B-2B278FEC166C}.Release|Any CPU.Build.0 = Release|Any CPU
	EndGlobalSection
	GlobalSection(SolutionProperties) = preSolution
		HideSolutionNode = FALSE
	EndGlobalSection
	GlobalSection(ExtensibilityGlobals) = postSolution
		SolutionGuid = {C23D7B29-1661-4CBF-B652-D9E32550275A}
	EndGlobalSection
EndGlobal
